// !$*UTF8*$!
{
	archiveVersion = 1;
	classes = {
	};
	objectVersion = 55;
	objects = {

/* Begin PBXBuildFile section */
		75C2DDE728443172000D583B /* AppDelegate.swift in Sources */ = {isa = PBXBuildFile; fileRef = 75C2DDE628443172000D583B /* AppDelegate.swift */; };
		75C2DDE928443172000D583B /* SceneDelegate.swift in Sources */ = {isa = PBXBuildFile; fileRef = 75C2DDE828443172000D583B /* SceneDelegate.swift */; };
		75C2DDEB28443172000D583B /* ViewController.swift in Sources */ = {isa = PBXBuildFile; fileRef = 75C2DDEA28443172000D583B /* ViewController.swift */; };
		75C2DDEE28443172000D583B /* Main.storyboard in Resources */ = {isa = PBXBuildFile; fileRef = 75C2DDEC28443172000D583B /* Main.storyboard */; };
		75C2DDF028443173000D583B /* Assets.xcassets in Resources */ = {isa = PBXBuildFile; fileRef = 75C2DDEF28443173000D583B /* Assets.xcassets */; };
		75C2DDF328443173000D583B /* LaunchScreen.storyboard in Resources */ = {isa = PBXBuildFile; fileRef = 75C2DDF128443173000D583B /* LaunchScreen.storyboard */; };
		75C2DDFE28443173000D583B /* DogsAppTests.swift in Sources */ = {isa = PBXBuildFile; fileRef = 75C2DDFD28443173000D583B /* DogsAppTests.swift */; };
		75C2DE0828443173000D583B /* DogsAppUITests.swift in Sources */ = {isa = PBXBuildFile; fileRef = 75C2DE0728443173000D583B /* DogsAppUITests.swift */; };
		75C2DE0A28443173000D583B /* DogsAppUITestsLaunchTests.swift in Sources */ = {isa = PBXBuildFile; fileRef = 75C2DE0928443173000D583B /* DogsAppUITestsLaunchTests.swift */; };
/* End PBXBuildFile section */

/* Begin PBXContainerItemProxy section */
		75C2DDFA28443173000D583B /* PBXContainerItemProxy */ = {
			isa = PBXContainerItemProxy;
			containerPortal = 75C2DDDB28443172000D583B /* Project object */;
			proxyType = 1;
			remoteGlobalIDString = 75C2DDE228443172000D583B;
			remoteInfo = DogsApp;
		};
		75C2DE0428443173000D583B /* PBXContainerItemProxy */ = {
			isa = PBXContainerItemProxy;
			containerPortal = 75C2DDDB28443172000D583B /* Project object */;
			proxyType = 1;
			remoteGlobalIDString = 75C2DDE228443172000D583B;
			remoteInfo = DogsApp;
		};
/* End PBXContainerItemProxy section */

/* Begin PBXFileReference section */
		75C2DDE328443172000D583B /* DogsApp.app */ = {isa = PBXFileReference; explicitFileType = wrapper.application; includeInIndex = 0; path = DogsApp.app; sourceTree = BUILT_PRODUCTS_DIR; };
		75C2DDE628443172000D583B /* AppDelegate.swift */ = {isa = PBXFileReference; lastKnownFileType = sourcecode.swift; path = AppDelegate.swift; sourceTree = "<group>"; };
		75C2DDE828443172000D583B /* SceneDelegate.swift */ = {isa = PBXFileReference; lastKnownFileType = sourcecode.swift; path = SceneDelegate.swift; sourceTree = "<group>"; };
		75C2DDEA28443172000D583B /* ViewController.swift */ = {isa = PBXFileReference; lastKnownFileType = sourcecode.swift; path = ViewController.swift; sourceTree = "<group>"; };
		75C2DDED28443172000D583B /* Base */ = {isa = PBXFileReference; lastKnownFileType = file.storyboard; name = Base; path = Base.lproj/Main.storyboard; sourceTree = "<group>"; };
		75C2DDEF28443173000D583B /* Assets.xcassets */ = {isa = PBXFileReference; lastKnownFileType = folder.assetcatalog; path = Assets.xcassets; sourceTree = "<group>"; };
		75C2DDF228443173000D583B /* Base */ = {isa = PBXFileReference; lastKnownFileType = file.storyboard; name = Base; path = Base.lproj/LaunchScreen.storyboard; sourceTree = "<group>"; };
		75C2DDF428443173000D583B /* Info.plist */ = {isa = PBXFileReference; lastKnownFileType = text.plist.xml; path = Info.plist; sourceTree = "<group>"; };
		75C2DDF928443173000D583B /* DogsAppTests.xctest */ = {isa = PBXFileReference; explicitFileType = wrapper.cfbundle; includeInIndex = 0; path = DogsAppTests.xctest; sourceTree = BUILT_PRODUCTS_DIR; };
		75C2DDFD28443173000D583B /* DogsAppTests.swift */ = {isa = PBXFileReference; lastKnownFileType = sourcecode.swift; path = DogsAppTests.swift; sourceTree = "<group>"; };
		75C2DE0328443173000D583B /* DogsAppUITests.xctest */ = {isa = PBXFileReference; explicitFileType = wrapper.cfbundle; includeInIndex = 0; path = DogsAppUITests.xctest; sourceTree = BUILT_PRODUCTS_DIR; };
		75C2DE0728443173000D583B /* DogsAppUITests.swift */ = {isa = PBXFileReference; lastKnownFileType = sourcecode.swift; path = DogsAppUITests.swift; sourceTree = "<group>"; };
		75C2DE0928443173000D583B /* DogsAppUITestsLaunchTests.swift */ = {isa = PBXFileReference; lastKnownFileType = sourcecode.swift; path = DogsAppUITestsLaunchTests.swift; sourceTree = "<group>"; };
/* End PBXFileReference section */

/* Begin PBXFrameworksBuildPhase section */
		75C2DDE028443172000D583B /* Frameworks */ = {
			isa = PBXFrameworksBuildPhase;
			buildActionMask = 2147483647;
			files = (
			);
			runOnlyForDeploymentPostprocessing = 0;
		};
		75C2DDF628443173000D583B /* Frameworks */ = {
			isa = PBXFrameworksBuildPhase;
			buildActionMask = 2147483647;
			files = (
			);
			runOnlyForDeploymentPostprocessing = 0;
		};
		75C2DE0028443173000D583B /* Frameworks */ = {
			isa = PBXFrameworksBuildPhase;
			buildActionMask = 2147483647;
			files = (
			);
			runOnlyForDeploymentPostprocessing = 0;
		};
/* End PBXFrameworksBuildPhase section */

/* Begin PBXGroup section */
		75C2DDDA28443172000D583B = {
			isa = PBXGroup;
			children = (
				75C2DDE528443172000D583B /* DogsApp */,
				75C2DDFC28443173000D583B /* DogsAppTests */,
				75C2DE0628443173000D583B /* DogsAppUITests */,
				75C2DDE428443172000D583B /* Products */,
			);
			sourceTree = "<group>";
		};
		75C2DDE428443172000D583B /* Products */ = {
			isa = PBXGroup;
			children = (
				75C2DDE328443172000D583B /* DogsApp.app */,
				75C2DDF928443173000D583B /* DogsAppTests.xctest */,
				75C2DE0328443173000D583B /* DogsAppUITests.xctest */,
			);
			name = Products;
			sourceTree = "<group>";
		};
		75C2DDE528443172000D583B /* DogsApp */ = {
			isa = PBXGroup;
			children = (
				75C2DDE628443172000D583B /* AppDelegate.swift */,
				75C2DDE828443172000D583B /* SceneDelegate.swift */,
				75C2DDEA28443172000D583B /* ViewController.swift */,
				75C2DDEC28443172000D583B /* Main.storyboard */,
				75C2DDEF28443173000D583B /* Assets.xcassets */,
				75C2DDF128443173000D583B /* LaunchScreen.storyboard */,
				75C2DDF428443173000D583B /* Info.plist */,
			);
			path = DogsApp;
			sourceTree = "<group>";
		};
		75C2DDFC28443173000D583B /* DogsAppTests */ = {
			isa = PBXGroup;
			children = (
				75C2DDFD28443173000D583B /* DogsAppTests.swift */,
			);
			path = DogsAppTests;
			sourceTree = "<group>";
		};
		75C2DE0628443173000D583B /* DogsAppUITests */ = {
			isa = PBXGroup;
			children = (
				75C2DE0728443173000D583B /* DogsAppUITests.swift */,
				75C2DE0928443173000D583B /* DogsAppUITestsLaunchTests.swift */,
			);
			path = DogsAppUITests;
			sourceTree = "<group>";
		};
/* End PBXGroup section */

/* Begin PBXNativeTarget section */
		75C2DDE228443172000D583B /* DogsApp */ = {
			isa = PBXNativeTarget;
			buildConfigurationList = 75C2DE0D28443173000D583B /* Build configuration list for PBXNativeTarget "DogsApp" */;
			buildPhases = (
				75C2DDDF28443172000D583B /* Sources */,
				75C2DDE028443172000D583B /* Frameworks */,
				75C2DDE128443172000D583B /* Resources */,
			);
			buildRules = (
			);
			dependencies = (
			);
			name = DogsApp;
			productName = DogsApp;
			productReference = 75C2DDE328443172000D583B /* DogsApp.app */;
			productType = "com.apple.product-type.application";
		};
		75C2DDF828443173000D583B /* DogsAppTests */ = {
			isa = PBXNativeTarget;
			buildConfigurationList = 75C2DE1028443173000D583B /* Build configuration list for PBXNativeTarget "DogsAppTests" */;
			buildPhases = (
				75C2DDF528443173000D583B /* Sources */,
				75C2DDF628443173000D583B /* Frameworks */,
				75C2DDF728443173000D583B /* Resources */,
			);
			buildRules = (
			);
			dependencies = (
				75C2DDFB28443173000D583B /* PBXTargetDependency */,
			);
			name = DogsAppTests;
			productName = DogsAppTests;
			productReference = 75C2DDF928443173000D583B /* DogsAppTests.xctest */;
			productType = "com.apple.product-type.bundle.unit-test";
		};
		75C2DE0228443173000D583B /* DogsAppUITests */ = {
			isa = PBXNativeTarget;
			buildConfigurationList = 75C2DE1328443173000D583B /* Build configuration list for PBXNativeTarget "DogsAppUITests" */;
			buildPhases = (
				75C2DDFF28443173000D583B /* Sources */,
				75C2DE0028443173000D583B /* Frameworks */,
				75C2DE0128443173000D583B /* Resources */,
			);
			buildRules = (
			);
			dependencies = (
				75C2DE0528443173000D583B /* PBXTargetDependency */,
			);
			name = DogsAppUITests;
			productName = DogsAppUITests;
			productReference = 75C2DE0328443173000D583B /* DogsAppUITests.xctest */;
			productType = "com.apple.product-type.bundle.ui-testing";
		};
/* End PBXNativeTarget section */

/* Begin PBXProject section */
		75C2DDDB28443172000D583B /* Project object */ = {
			isa = PBXProject;
			attributes = {
				BuildIndependentTargetsInParallel = 1;
				LastSwiftUpdateCheck = 1340;
				LastUpgradeCheck = 1340;
				TargetAttributes = {
					75C2DDE228443172000D583B = {
						CreatedOnToolsVersion = 13.4;
					};
					75C2DDF828443173000D583B = {
						CreatedOnToolsVersion = 13.4;
						TestTargetID = 75C2DDE228443172000D583B;
					};
					75C2DE0228443173000D583B = {
						CreatedOnToolsVersion = 13.4;
						TestTargetID = 75C2DDE228443172000D583B;
					};
				};
			};
			buildConfigurationList = 75C2DDDE28443172000D583B /* Build configuration list for PBXProject "DogsApp" */;
			compatibilityVersion = "Xcode 13.0";
			developmentRegion = en;
			hasScannedForEncodings = 0;
			knownRegions = (
				en,
				Base,
			);
			mainGroup = 75C2DDDA28443172000D583B;
			productRefGroup = 75C2DDE428443172000D583B /* Products */;
			projectDirPath = "";
			projectRoot = "";
			targets = (
				75C2DDE228443172000D583B /* DogsApp */,
				75C2DDF828443173000D583B /* DogsAppTests */,
				75C2DE0228443173000D583B /* DogsAppUITests */,
			);
		};
/* End PBXProject section */

/* Begin PBXResourcesBuildPhase section */
		75C2DDE128443172000D583B /* Resources */ = {
			isa = PBXResourcesBuildPhase;
			buildActionMask = 2147483647;
			files = (
				75C2DDF328443173000D583B /* LaunchScreen.storyboard in Resources */,
				75C2DDF028443173000D583B /* Assets.xcassets in Resources */,
				75C2DDEE28443172000D583B /* Main.storyboard in Resources */,
			);
			runOnlyForDeploymentPostprocessing = 0;
		};
		75C2DDF728443173000D583B /* Resources */ = {
			isa = PBXResourcesBuildPhase;
			buildActionMask = 2147483647;
			files = (
			);
			runOnlyForDeploymentPostprocessing = 0;
		};
		75C2DE0128443173000D583B /* Resources */ = {
			isa = PBXResourcesBuildPhase;
			buildActionMask = 2147483647;
			files = (
			);
			runOnlyForDeploymentPostprocessing = 0;
		};
/* End PBXResourcesBuildPhase section */

/* Begin PBXSourcesBuildPhase section */
		75C2DDDF28443172000D583B /* Sources */ = {
			isa = PBXSourcesBuildPhase;
			buildActionMask = 2147483647;
			files = (
				75C2DDEB28443172000D583B /* ViewController.swift in Sources */,
				75C2DDE728443172000D583B /* AppDelegate.swift in Sources */,
				75C2DDE928443172000D583B /* SceneDelegate.swift in Sources */,
			);
			runOnlyForDeploymentPostprocessing = 0;
		};
		75C2DDF528443173000D583B /* Sources */ = {
			isa = PBXSourcesBuildPhase;
			buildActionMask = 2147483647;
			files = (
				75C2DDFE28443173000D583B /* DogsAppTests.swift in Sources */,
			);
			runOnlyForDeploymentPostprocessing = 0;
		};
		75C2DDFF28443173000D583B /* Sources */ = {
			isa = PBXSourcesBuildPhase;
			buildActionMask = 2147483647;
			files = (
				75C2DE0828443173000D583B /* DogsAppUITests.swift in Sources */,
				75C2DE0A28443173000D583B /* DogsAppUITestsLaunchTests.swift in Sources */,
			);
			runOnlyForDeploymentPostprocessing = 0;
		};
/* End PBXSourcesBuildPhase section */

/* Begin PBXTargetDependency section */
		75C2DDFB28443173000D583B /* PBXTargetDependency */ = {
			isa = PBXTargetDependency;
			target = 75C2DDE228443172000D583B /* DogsApp */;
			targetProxy = 75C2DDFA28443173000D583B /* PBXContainerItemProxy */;
		};
		75C2DE0528443173000D583B /* PBXTargetDependency */ = {
			isa = PBXTargetDependency;
			target = 75C2DDE228443172000D583B /* DogsApp */;
			targetProxy = 75C2DE0428443173000D583B /* PBXContainerItemProxy */;
		};
/* End PBXTargetDependency section */

/* Begin PBXVariantGroup section */
		75C2DDEC28443172000D583B /* Main.storyboard */ = {
			isa = PBXVariantGroup;
			children = (
				75C2DDED28443172000D583B /* Base */,
			);
			name = Main.storyboard;
			sourceTree = "<group>";
		};
		75C2DDF128443173000D583B /* LaunchScreen.storyboard */ = {
			isa = PBXVariantGroup;
			children = (
				75C2DDF228443173000D583B /* Base */,
			);
			name = LaunchScreen.storyboard;
			sourceTree = "<group>";
		};
/* End PBXVariantGroup section */

/* Begin XCBuildConfiguration section */
		75C2DE0B28443173000D583B /* Debug */ = {
			isa = XCBuildConfiguration;
			buildSettings = {
				ALWAYS_SEARCH_USER_PATHS = NO;
				CLANG_ANALYZER_NONNULL = YES;
				CLANG_ANALYZER_NUMBER_OBJECT_CONVERSION = YES_AGGRESSIVE;
				CLANG_CXX_LANGUAGE_STANDARD = "gnu++17";
				CLANG_ENABLE_MODULES = YES;
				CLANG_ENABLE_OBJC_ARC = YES;
				CLANG_ENABLE_OBJC_WEAK = YES;
				CLANG_WARN_BLOCK_CAPTURE_AUTORELEASING = YES;
				CLANG_WARN_BOOL_CONVERSION = YES;
				CLANG_WARN_COMMA = YES;
				CLANG_WARN_CONSTANT_CONVERSION = YES;
				CLANG_WARN_DEPRECATED_OBJC_IMPLEMENTATIONS = YES;
				CLANG_WARN_DIRECT_OBJC_ISA_USAGE = YES_ERROR;
				CLANG_WARN_DOCUMENTATION_COMMENTS = YES;
				CLANG_WARN_EMPTY_BODY = YES;
				CLANG_WARN_ENUM_CONVERSION = YES;
				CLANG_WARN_INFINITE_RECURSION = YES;
				CLANG_WARN_INT_CONVERSION = YES;
				CLANG_WARN_NON_LITERAL_NULL_CONVERSION = YES;
				CLANG_WARN_OBJC_IMPLICIT_RETAIN_SELF = YES;
				CLANG_WARN_OBJC_LITERAL_CONVERSION = YES;
				CLANG_WARN_OBJC_ROOT_CLASS = YES_ERROR;
				CLANG_WARN_QUOTED_INCLUDE_IN_FRAMEWORK_HEADER = YES;
				CLANG_WARN_RANGE_LOOP_ANALYSIS = YES;
				CLANG_WARN_STRICT_PROTOTYPES = YES;
				CLANG_WARN_SUSPICIOUS_MOVE = YES;
				CLANG_WARN_UNGUARDED_AVAILABILITY = YES_AGGRESSIVE;
				CLANG_WARN_UNREACHABLE_CODE = YES;
				CLANG_WARN__DUPLICATE_METHOD_MATCH = YES;
				COPY_PHASE_STRIP = NO;
				DEBUG_INFORMATION_FORMAT = dwarf;
				ENABLE_STRICT_OBJC_MSGSEND = YES;
				ENABLE_TESTABILITY = YES;
				GCC_C_LANGUAGE_STANDARD = gnu11;
				GCC_DYNAMIC_NO_PIC = NO;
				GCC_NO_COMMON_BLOCKS = YES;
				GCC_OPTIMIZATION_LEVEL = 0;
				GCC_PREPROCESSOR_DEFINITIONS = (
					"DEBUG=1",
					"$(inherited)",
				);
				GCC_WARN_64_TO_32_BIT_CONVERSION = YES;
				GCC_WARN_ABOUT_RETURN_TYPE = YES_ERROR;
				GCC_WARN_UNDECLARED_SELECTOR = YES;
				GCC_WARN_UNINITIALIZED_AUTOS = YES_AGGRESSIVE;
				GCC_WARN_UNUSED_FUNCTION = YES;
				GCC_WARN_UNUSED_VARIABLE = YES;
				IPHONEOS_DEPLOYMENT_TARGET = 15.5;
				MTL_ENABLE_DEBUG_INFO = INCLUDE_SOURCE;
				MTL_FAST_MATH = YES;
				ONLY_ACTIVE_ARCH = YES;
				SDKROOT = iphoneos;
				SWIFT_ACTIVE_COMPILATION_CONDITIONS = DEBUG;
				SWIFT_OPTIMIZATION_LEVEL = "-Onone";
			};
			name = Debug;
		};
		75C2DE0C28443173000D583B /* Release */ = {
			isa = XCBuildConfiguration;
			buildSettings = {
				ALWAYS_SEARCH_USER_PATHS = NO;
				CLANG_ANALYZER_NONNULL = YES;
				CLANG_ANALYZER_NUMBER_OBJECT_CONVERSION = YES_AGGRESSIVE;
				CLANG_CXX_LANGUAGE_STANDARD = "gnu++17";
				CLANG_ENABLE_MODULES = YES;
				CLANG_ENABLE_OBJC_ARC = YES;
				CLANG_ENABLE_OBJC_WEAK = YES;
				CLANG_WARN_BLOCK_CAPTURE_AUTORELEASING = YES;
				CLANG_WARN_BOOL_CONVERSION = YES;
				CLANG_WARN_COMMA = YES;
				CLANG_WARN_CONSTANT_CONVERSION = YES;
				CLANG_WARN_DEPRECATED_OBJC_IMPLEMENTATIONS = YES;
				CLANG_WARN_DIRECT_OBJC_ISA_USAGE = YES_ERROR;
				CLANG_WARN_DOCUMENTATION_COMMENTS = YES;
				CLANG_WARN_EMPTY_BODY = YES;
				CLANG_WARN_ENUM_CONVERSION = YES;
				CLANG_WARN_INFINITE_RECURSION = YES;
				CLANG_WARN_INT_CONVERSION = YES;
				CLANG_WARN_NON_LITERAL_NULL_CONVERSION = YES;
				CLANG_WARN_OBJC_IMPLICIT_RETAIN_SELF = YES;
				CLANG_WARN_OBJC_LITERAL_CONVERSION = YES;
				CLANG_WARN_OBJC_ROOT_CLASS = YES_ERROR;
				CLANG_WARN_QUOTED_INCLUDE_IN_FRAMEWORK_HEADER = YES;
				CLANG_WARN_RANGE_LOOP_ANALYSIS = YES;
				CLANG_WARN_STRICT_PROTOTYPES = YES;
				CLANG_WARN_SUSPICIOUS_MOVE = YES;
				CLANG_WARN_UNGUARDED_AVAILABILITY = YES_AGGRESSIVE;
				CLANG_WARN_UNREACHABLE_CODE = YES;
				CLANG_WARN__DUPLICATE_METHOD_MATCH = YES;
				COPY_PHASE_STRIP = NO;
				DEBUG_INFORMATION_FORMAT = "dwarf-with-dsym";
				ENABLE_NS_ASSERTIONS = NO;
				ENABLE_STRICT_OBJC_MSGSEND = YES;
				GCC_C_LANGUAGE_STANDARD = gnu11;
				GCC_NO_COMMON_BLOCKS = YES;
				GCC_WARN_64_TO_32_BIT_CONVERSION = YES;
				GCC_WARN_ABOUT_RETURN_TYPE = YES_ERROR;
				GCC_WARN_UNDECLARED_SELECTOR = YES;
				GCC_WARN_UNINITIALIZED_AUTOS = YES_AGGRESSIVE;
				GCC_WARN_UNUSED_FUNCTION = YES;
				GCC_WARN_UNUSED_VARIABLE = YES;
				IPHONEOS_DEPLOYMENT_TARGET = 15.5;
				MTL_ENABLE_DEBUG_INFO = NO;
				MTL_FAST_MATH = YES;
				SDKROOT = iphoneos;
				SWIFT_COMPILATION_MODE = wholemodule;
				SWIFT_OPTIMIZATION_LEVEL = "-O";
				VALIDATE_PRODUCT = YES;
			};
			name = Release;
		};
		75C2DE0E28443173000D583B /* Debug */ = {
			isa = XCBuildConfiguration;
			buildSettings = {
				ASSETCATALOG_COMPILER_APPICON_NAME = AppIcon;
				ASSETCATALOG_COMPILER_GLOBAL_ACCENT_COLOR_NAME = AccentColor;
				CODE_SIGN_STYLE = Automatic;
				CURRENT_PROJECT_VERSION = 1;
				DEVELOPMENT_TEAM = 3MW565UCY9;
				GENERATE_INFOPLIST_FILE = YES;
				INFOPLIST_FILE = DogsApp/Info.plist;
				INFOPLIST_KEY_UIApplicationSupportsIndirectInputEvents = YES;
				INFOPLIST_KEY_UILaunchStoryboardName = LaunchScreen;
				INFOPLIST_KEY_UIMainStoryboardFile = Main;
				INFOPLIST_KEY_UISupportedInterfaceOrientations_iPad = "UIInterfaceOrientationPortrait UIInterfaceOrientationPortraitUpsideDown UIInterfaceOrientationLandscapeLeft UIInterfaceOrientationLandscapeRight";
				INFOPLIST_KEY_UISupportedInterfaceOrientations_iPhone = "UIInterfaceOrientationPortrait UIInterfaceOrientationLandscapeLeft UIInterfaceOrientationLandscapeRight";
				LD_RUNPATH_SEARCH_PATHS = (
					"$(inherited)",
					"@executable_path/Frameworks",
				);
				MARKETING_VERSION = 1.0;
				PRODUCT_BUNDLE_IDENTIFIER = personal.app.march.DogsApp;
				PRODUCT_NAME = "$(TARGET_NAME)";
				SWIFT_EMIT_LOC_STRINGS = YES;
				SWIFT_VERSION = 5.0;
				TARGETED_DEVICE_FAMILY = "1,2";
			};
			name = Debug;
		};
		75C2DE0F28443173000D583B /* Release */ = {
			isa = XCBuildConfiguration;
			buildSettings = {
				ASSETCATALOG_COMPILER_APPICON_NAME = AppIcon;
				ASSETCATALOG_COMPILER_GLOBAL_ACCENT_COLOR_NAME = AccentColor;
				CODE_SIGN_STYLE = Automatic;
				CURRENT_PROJECT_VERSION = 1;
				DEVELOPMENT_TEAM = 3MW565UCY9;
				GENERATE_INFOPLIST_FILE = YES;
				INFOPLIST_FILE = DogsApp/Info.plist;
				INFOPLIST_KEY_UIApplicationSupportsIndirectInputEvents = YES;
				INFOPLIST_KEY_UILaunchStoryboardName = LaunchScreen;
				INFOPLIST_KEY_UIMainStoryboardFile = Main;
				INFOPLIST_KEY_UISupportedInterfaceOrientations_iPad = "UIInterfaceOrientationPortrait UIInterfaceOrientationPortraitUpsideDown UIInterfaceOrientationLandscapeLeft UIInterfaceOrientationLandscapeRight";
				INFOPLIST_KEY_UISupportedInterfaceOrientations_iPhone = "UIInterfaceOrientationPortrait UIInterfaceOrientationLandscapeLeft UIInterfaceOrientationLandscapeRight";
				LD_RUNPATH_SEARCH_PATHS = (
					"$(inherited)",
					"@executable_path/Frameworks",
				);
				MARKETING_VERSION = 1.0;
				PRODUCT_BUNDLE_IDENTIFIER = personal.app.march.DogsApp;
				PRODUCT_NAME = "$(TARGET_NAME)";
				SWIFT_EMIT_LOC_STRINGS = YES;
				SWIFT_VERSION = 5.0;
				TARGETED_DEVICE_FAMILY = "1,2";
			};
			name = Release;
		};
		75C2DE1128443173000D583B /* Debug */ = {
			isa = XCBuildConfiguration;
			buildSettings = {
				ALWAYS_EMBED_SWIFT_STANDARD_LIBRARIES = YES;
				BUNDLE_LOADER = "$(TEST_HOST)";
				CODE_SIGN_STYLE = Automatic;
				CURRENT_PROJECT_VERSION = 1;
				DEVELOPMENT_TEAM = 3MW565UCY9;
				GENERATE_INFOPLIST_FILE = YES;
				IPHONEOS_DEPLOYMENT_TARGET = 15.5;
				MARKETING_VERSION = 1.0;
				PRODUCT_BUNDLE_IDENTIFIER = personal.app.march.DogsAppTests;
				PRODUCT_NAME = "$(TARGET_NAME)";
				SWIFT_EMIT_LOC_STRINGS = NO;
				SWIFT_VERSION = 5.0;
				TARGETED_DEVICE_FAMILY = "1,2";
				TEST_HOST = "$(BUILT_PRODUCTS_DIR)/DogsApp.app/DogsApp";
			};
			name = Debug;
		};
		75C2DE1228443173000D583B /* Release */ = {
			isa = XCBuildConfiguration;
			buildSettings = {
				ALWAYS_EMBED_SWIFT_STANDARD_LIBRARIES = YES;
				BUNDLE_LOADER = "$(TEST_HOST)";
				CODE_SIGN_STYLE = Automatic;
				CURRENT_PROJECT_VERSION = 1;
				DEVELOPMENT_TEAM = 3MW565UCY9;
				GENERATE_INFOPLIST_FILE = YES;
				IPHONEOS_DEPLOYMENT_TARGET = 15.5;
				MARKETING_VERSION = 1.0;
				PRODUCT_BUNDLE_IDENTIFIER = personal.app.march.DogsAppTests;
				PRODUCT_NAME = "$(TARGET_NAME)";
				SWIFT_EMIT_LOC_STRINGS = NO;
				SWIFT_VERSION = 5.0;
				TARGETED_DEVICE_FAMILY = "1,2";
				TEST_HOST = "$(BUILT_PRODUCTS_DIR)/DogsApp.app/DogsApp";
			};
			name = Release;
		};
		75C2DE1428443173000D583B /* Debug */ = {
			isa = XCBuildConfiguration;
			buildSettings = {
				ALWAYS_EMBED_SWIFT_STANDARD_LIBRARIES = YES;
				CODE_SIGN_STYLE = Automatic;
				CURRENT_PROJECT_VERSION = 1;
				DEVELOPMENT_TEAM = 3MW565UCY9;
				GENERATE_INFOPLIST_FILE = YES;
				MARKETING_VERSION = 1.0;
				PRODUCT_BUNDLE_IDENTIFIER = personal.app.march.DogsAppUITests;
				PRODUCT_NAME = "$(TARGET_NAME)";
				SWIFT_EMIT_LOC_STRINGS = NO;
				SWIFT_VERSION = 5.0;
				TARGETED_DEVICE_FAMILY = "1,2";
				TEST_TARGET_NAME = DogsApp;
			};
			name = Debug;
		};
		75C2DE1528443173000D583B /* Release */ = {
			isa = XCBuildConfiguration;
			buildSettings = {
				ALWAYS_EMBED_SWIFT_STANDARD_LIBRARIES = YES;
				CODE_SIGN_STYLE = Automatic;
				CURRENT_PROJECT_VERSION = 1;
				DEVELOPMENT_TEAM = 3MW565UCY9;
				GENERATE_INFOPLIST_FILE = YES;
				MARKETING_VERSION = 1.0;
				PRODUCT_BUNDLE_IDENTIFIER = personal.app.march.DogsAppUITests;
				PRODUCT_NAME = "$(TARGET_NAME)";
				SWIFT_EMIT_LOC_STRINGS = NO;
				SWIFT_VERSION = 5.0;
				TARGETED_DEVICE_FAMILY = "1,2";
				TEST_TARGET_NAME = DogsApp;
			};
			name = Release;
		};
/* End XCBuildConfiguration section */

/* Begin XCConfigurationList section */
		75C2DDDE28443172000D583B /* Build configuration list for PBXProject "DogsApp" */ = {
			isa = XCConfigurationList;
			buildConfigurations = (
				75C2DE0B28443173000D583B /* Debug */,
				75C2DE0C28443173000D583B /* Release */,
			);
			defaultConfigurationIsVisible = 0;
			defaultConfigurationName = Release;
		};
		75C2DE0D28443173000D583B /* Build configuration list for PBXNativeTarget "DogsApp" */ = {
			isa = XCConfigurationList;
			buildConfigurations = (
				75C2DE0E28443173000D583B /* Debug */,
				75C2DE0F28443173000D583B /* Release */,
			);
			defaultConfigurationIsVisible = 0;
			defaultConfigurationName = Release;
		};
		75C2DE1028443173000D583B /* Build configuration list for PBXNativeTarget "DogsAppTests" */ = {
			isa = XCConfigurationList;
			buildConfigurations = (
				75C2DE1128443173000D583B /* Debug */,
				75C2DE1228443173000D583B /* Release */,
			);
			defaultConfigurationIsVisible = 0;
			defaultConfigurationName = Release;
		};
		75C2DE1328443173000D583B /* Build configuration list for PBXNativeTarget "DogsAppUITests" */ = {
			isa = XCConfigurationList;
			buildConfigurations = (
				75C2DE1428443173000D583B /* Debug */,
				75C2DE1528443173000D583B /* Release */,
			);
			defaultConfigurationIsVisible = 0;
			defaultConfigurationName = Release;
		};
/* End XCConfigurationList section */
	};
	rootObject = 75C2DDDB28443172000D583B /* Project object */;
}
